
Microsoft Visual Studio Solution File, Format Version 12.00
# Visual Studio 15
VisualStudioVersion = 15.0.28307.1169
MinimumVisualStudioVersion = 10.0.40219.1
Project("{9A19103F-16F7-4668-BE54-9A1E7A4F7556}") = "CarvedRockApi", "CarvedRockApi\CarvedRockApi.csproj", "{7DBF2DA5-5DE6-4C25-834C-337517FF892E}"
EndProject
Project("{9A19103F-16F7-4668-BE54-9A1E7A4F7556}") = "CarvedRockApi.Repositories", "CarvedRockApi.Repositories\CarvedRockApi.Repositories.csproj", "{6A017EFF-03C1-4630-B176-0F2572D6ECE5}"
EndProject
Project("{9A19103F-16F7-4668-BE54-9A1E7A4F7556}") = "AspNetCoreRateLimit", "..\AspNetCoreRateLimit-2.1.0\src\AspNetCoreRateLimit\AspNetCoreRateLimit.csproj", "{856C5DA8-2367-4388-8D62-D8E7ED82A80E}"
EndProject
Global
	GlobalSection(SolutionConfigurationPlatforms) = preSolution
		Debug|Any CPU = Debug|Any CPU
		Release|Any CPU = Release|Any CPU
	EndGlobalSection
	GlobalSection(ProjectConfigurationPlatforms) = postSolution
		{7DBF2DA5-5DE6-4C25-834C-337517FF892E}.Debug|Any CPU.ActiveCfg = Debug|Any CPU
		{7DBF2DA5-5DE6-4C25-834C-337517FF892E}.Debug|Any CPU.Build.0 = Debug|Any CPU
		{7DBF2DA5-5DE6-4C25-834C-337517FF892E}.Release|Any CPU.ActiveCfg = Release|Any CPU
		{7DBF2DA5-5DE6-4C25-834C-337517FF892E}.Release|Any CPU.Build.0 = Release|Any CPU
		{6A017EFF-03C1-4630-B176-0F2572D6ECE5}.Debug|Any CPU.ActiveCfg = Debug|Any CPU
		{6A017EFF-03C1-4630-B176-0F2572D6ECE5}.Debug|Any CPU.Build.0 = Debug|Any CPU
		{6A017EFF-03C1-4630-B176-0F2572D6ECE5}.Release|Any CPU.ActiveCfg = Release|Any CPU
		{6A017EFF-03C1-4630-B176-0F2572D6ECE5}.Release|Any CPU.Build.0 = Release|Any CPU
		{856C5DA8-2367-4388-8D62-D8E7ED82A80E}.Debug|Any CPU.ActiveCfg = Debug|Any CPU
		{856C5DA8-2367-4388-8D62-D8E7ED82A80E}.Debug|Any CPU.Build.0 = Debug|Any CPU
		{856C5DA8-2367-4388-8D62-D8E7ED82A80E}.Release|Any CPU.ActiveCfg = Release|Any CPU
		{856C5DA8-2367-4388-8D62-D8E7ED82A80E}.Release|Any CPU.Build.0 = Release|Any CPU
	EndGlobalSection
	GlobalSection(SolutionProperties) = preSolution
		HideSolutionNode = FALSE
	EndGlobalSection
	GlobalSection(ExtensibilityGlobals) = postSolution
		SolutionGuid = {3222C2AC-3DD3-48C8-A204-97FD3E59CB9F}
	EndGlobalSection
EndGlobal
